// !$*UTF8*$!
{
	archiveVersion = 1;
	classes = {
	};
	objectVersion = 56;
	objects = {

/* Begin PBXBuildFile section */
		CE744BB2291913D80010C3E8 /* AppDelegate.swift in Sources */ = {isa = PBXBuildFile; fileRef = CE744BB1291913D80010C3E8 /* AppDelegate.swift */; };
		CE744BB4291913D80010C3E8 /* SceneDelegate.swift in Sources */ = {isa = PBXBuildFile; fileRef = CE744BB3291913D80010C3E8 /* SceneDelegate.swift */; };
		CE744BB6291913D80010C3E8 /* ViewController.swift in Sources */ = {isa = PBXBuildFile; fileRef = CE744BB5291913D80010C3E8 /* ViewController.swift */; };
		CE744BB9291913D80010C3E8 /* Main.storyboard in Resources */ = {isa = PBXBuildFile; fileRef = CE744BB7291913D80010C3E8 /* Main.storyboard */; };
		CE744BBB291913DA0010C3E8 /* Assets.xcassets in Resources */ = {isa = PBXBuildFile; fileRef = CE744BBA291913DA0010C3E8 /* Assets.xcassets */; };
		CE744BBE291913DA0010C3E8 /* LaunchScreen.storyboard in Resources */ = {isa = PBXBuildFile; fileRef = CE744BBC291913DA0010C3E8 /* LaunchScreen.storyboard */; };
		CE744BC9291913DA0010C3E8 /* _Tests.swift in Sources */ = {isa = PBXBuildFile; fileRef = CE744BC8291913DA0010C3E8 /* _Tests.swift */; };
		CE744BD3291913DA0010C3E8 /* _UITests.swift in Sources */ = {isa = PBXBuildFile; fileRef = CE744BD2291913DA0010C3E8 /* _UITests.swift */; };
		CE744BD5291913DA0010C3E8 /* _UITestsLaunchTests.swift in Sources */ = {isa = PBXBuildFile; fileRef = CE744BD4291913DA0010C3E8 /* _UITestsLaunchTests.swift */; };
		CE7D7CDE2919355100A9D266 /* ViewController3.swift in Sources */ = {isa = PBXBuildFile; fileRef = CE7D7CDD2919355100A9D266 /* ViewController3.swift */; };
		CEDD1A4629192058000FADBA /* ViewController2.swift in Sources */ = {isa = PBXBuildFile; fileRef = CEDD1A4529192058000FADBA /* ViewController2.swift */; };
/* End PBXBuildFile section */

/* Begin PBXContainerItemProxy section */
		CE744BC5291913DA0010C3E8 /* PBXContainerItemProxy */ = {
			isa = PBXContainerItemProxy;
			containerPortal = CE744BA6291913D80010C3E8 /* Project object */;
			proxyType = 1;
			remoteGlobalIDString = CE744BAD291913D80010C3E8;
			remoteInfo = 8;
		};
		CE744BCF291913DA0010C3E8 /* PBXContainerItemProxy */ = {
			isa = PBXContainerItemProxy;
			containerPortal = CE744BA6291913D80010C3E8 /* Project object */;
			proxyType = 1;
			remoteGlobalIDString = CE744BAD291913D80010C3E8;
			remoteInfo = 8;
		};
/* End PBXContainerItemProxy section */

/* Begin PBXFileReference section */
		CE744BAE291913D80010C3E8 /* 8.app */ = {isa = PBXFileReference; explicitFileType = wrapper.application; includeInIndex = 0; path = 8.app; sourceTree = BUILT_PRODUCTS_DIR; };
		CE744BB1291913D80010C3E8 /* AppDelegate.swift */ = {isa = PBXFileReference; lastKnownFileType = sourcecode.swift; path = AppDelegate.swift; sourceTree = "<group>"; };
		CE744BB3291913D80010C3E8 /* SceneDelegate.swift */ = {isa = PBXFileReference; lastKnownFileType = sourcecode.swift; path = SceneDelegate.swift; sourceTree = "<group>"; };
		CE744BB5291913D80010C3E8 /* ViewController.swift */ = {isa = PBXFileReference; lastKnownFileType = sourcecode.swift; path = ViewController.swift; sourceTree = "<group>"; };
		CE744BB8291913D80010C3E8 /* Base */ = {isa = PBXFileReference; lastKnownFileType = file.storyboard; name = Base; path = Base.lproj/Main.storyboard; sourceTree = "<group>"; };
		CE744BBA291913DA0010C3E8 /* Assets.xcassets */ = {isa = PBXFileReference; lastKnownFileType = folder.assetcatalog; path = Assets.xcassets; sourceTree = "<group>"; };
		CE744BBD291913DA0010C3E8 /* Base */ = {isa = PBXFileReference; lastKnownFileType = file.storyboard; name = Base; path = Base.lproj/LaunchScreen.storyboard; sourceTree = "<group>"; };
		CE744BBF291913DA0010C3E8 /* Info.plist */ = {isa = PBXFileReference; lastKnownFileType = text.plist.xml; path = Info.plist; sourceTree = "<group>"; };
		CE744BC4291913DA0010C3E8 /* 8Tests.xctest */ = {isa = PBXFileReference; explicitFileType = wrapper.cfbundle; includeInIndex = 0; path = 8Tests.xctest; sourceTree = BUILT_PRODUCTS_DIR; };
		CE744BC8291913DA0010C3E8 /* _Tests.swift */ = {isa = PBXFileReference; lastKnownFileType = sourcecode.swift; path = _Tests.swift; sourceTree = "<group>"; };
		CE744BCE291913DA0010C3E8 /* 8UITests.xctest */ = {isa = PBXFileReference; explicitFileType = wrapper.cfbundle; includeInIndex = 0; path = 8UITests.xctest; sourceTree = BUILT_PRODUCTS_DIR; };
		CE744BD2291913DA0010C3E8 /* _UITests.swift */ = {isa = PBXFileReference; lastKnownFileType = sourcecode.swift; path = _UITests.swift; sourceTree = "<group>"; };
		CE744BD4291913DA0010C3E8 /* _UITestsLaunchTests.swift */ = {isa = PBXFileReference; lastKnownFileType = sourcecode.swift; path = _UITestsLaunchTests.swift; sourceTree = "<group>"; };
		CE744BE1291915680010C3E8 /* 8.entitlements */ = {isa = PBXFileReference; lastKnownFileType = text.plist.entitlements; path = 8.entitlements; sourceTree = "<group>"; };
		CE7D7CDD2919355100A9D266 /* ViewController3.swift */ = {isa = PBXFileReference; lastKnownFileType = sourcecode.swift; path = ViewController3.swift; sourceTree = "<group>"; };
		CEDD1A4529192058000FADBA /* ViewController2.swift */ = {isa = PBXFileReference; lastKnownFileType = sourcecode.swift; path = ViewController2.swift; sourceTree = "<group>"; };
/* End PBXFileReference section */

/* Begin PBXFrameworksBuildPhase section */
		CE744BAB291913D80010C3E8 /* Frameworks */ = {
			isa = PBXFrameworksBuildPhase;
			buildActionMask = 2147483647;
			files = (
			);
			runOnlyForDeploymentPostprocessing = 0;
		};
		CE744BC1291913DA0010C3E8 /* Frameworks */ = {
			isa = PBXFrameworksBuildPhase;
			buildActionMask = 2147483647;
			files = (
			);
			runOnlyForDeploymentPostprocessing = 0;
		};
		CE744BCB291913DA0010C3E8 /* Frameworks */ = {
			isa = PBXFrameworksBuildPhase;
			buildActionMask = 2147483647;
			files = (
			);
			runOnlyForDeploymentPostprocessing = 0;
		};
/* End PBXFrameworksBuildPhase section */

/* Begin PBXGroup section */
		CE744BA5291913D80010C3E8 = {
			isa = PBXGroup;
			children = (
				CE744BB0291913D80010C3E8 /* 8 */,
				CE744BC7291913DA0010C3E8 /* 8Tests */,
				CE744BD1291913DA0010C3E8 /* 8UITests */,
				CE744BAF291913D80010C3E8 /* Products */,
			);
			sourceTree = "<group>";
		};
		CE744BAF291913D80010C3E8 /* Products */ = {
			isa = PBXGroup;
			children = (
				CE744BAE291913D80010C3E8 /* 8.app */,
				CE744BC4291913DA0010C3E8 /* 8Tests.xctest */,
				CE744BCE291913DA0010C3E8 /* 8UITests.xctest */,
			);
			name = Products;
			sourceTree = "<group>";
		};
		CE744BB0291913D80010C3E8 /* 8 */ = {
			isa = PBXGroup;
			children = (
				CE744BE1291915680010C3E8 /* 8.entitlements */,
				CE744BB1291913D80010C3E8 /* AppDelegate.swift */,
				CE744BB3291913D80010C3E8 /* SceneDelegate.swift */,
				CEDD1A48291920D1000FADBA /* ViewControllers */,
				CE744BB7291913D80010C3E8 /* Main.storyboard */,
				CE744BBA291913DA0010C3E8 /* Assets.xcassets */,
				CE744BBC291913DA0010C3E8 /* LaunchScreen.storyboard */,
				CE744BBF291913DA0010C3E8 /* Info.plist */,
			);
			path = 8;
			sourceTree = "<group>";
		};
		CE744BC7291913DA0010C3E8 /* 8Tests */ = {
			isa = PBXGroup;
			children = (
				CE744BC8291913DA0010C3E8 /* _Tests.swift */,
			);
			path = 8Tests;
			sourceTree = "<group>";
		};
		CE744BD1291913DA0010C3E8 /* 8UITests */ = {
			isa = PBXGroup;
			children = (
				CE744BD2291913DA0010C3E8 /* _UITests.swift */,
				CE744BD4291913DA0010C3E8 /* _UITestsLaunchTests.swift */,
			);
			path = 8UITests;
			sourceTree = "<group>";
		};
		CEDD1A48291920D1000FADBA /* ViewControllers */ = {
			isa = PBXGroup;
			children = (
				CE744BB5291913D80010C3E8 /* ViewController.swift */,
				CEDD1A4529192058000FADBA /* ViewController2.swift */,
				CE7D7CDD2919355100A9D266 /* ViewController3.swift */,
			);
			path = ViewControllers;
			sourceTree = "<group>";
		};
/* End PBXGroup section */

/* Begin PBXNativeTarget section */
		CE744BAD291913D80010C3E8 /* 8 */ = {
			isa = PBXNativeTarget;
			buildConfigurationList = CE744BD8291913DA0010C3E8 /* Build configuration list for PBXNativeTarget "8" */;
			buildPhases = (
				CE744BAA291913D80010C3E8 /* Sources */,
				CE744BAB291913D80010C3E8 /* Frameworks */,
				CE744BAC291913D80010C3E8 /* Resources */,
			);
			buildRules = (
			);
			dependencies = (
			);
			name = 8;
			productName = 8;
			productReference = CE744BAE291913D80010C3E8 /* 8.app */;
			productType = "com.apple.product-type.application";
		};
		CE744BC3291913DA0010C3E8 /* 8Tests */ = {
			isa = PBXNativeTarget;
			buildConfigurationList = CE744BDB291913DA0010C3E8 /* Build configuration list for PBXNativeTarget "8Tests" */;
			buildPhases = (
				CE744BC0291913DA0010C3E8 /* Sources */,
				CE744BC1291913DA0010C3E8 /* Frameworks */,
				CE744BC2291913DA0010C3E8 /* Resources */,
			);
			buildRules = (
			);
			dependencies = (
				CE744BC6291913DA0010C3E8 /* PBXTargetDependency */,
			);
			name = 8Tests;
			productName = 8Tests;
			productReference = CE744BC4291913DA0010C3E8 /* 8Tests.xctest */;
			productType = "com.apple.product-type.bundle.unit-test";
		};
		CE744BCD291913DA0010C3E8 /* 8UITests */ = {
			isa = PBXNativeTarget;
			buildConfigurationList = CE744BDE291913DA0010C3E8 /* Build configuration list for PBXNativeTarget "8UITests" */;
			buildPhases = (
				CE744BCA291913DA0010C3E8 /* Sources */,
				CE744BCB291913DA0010C3E8 /* Frameworks */,
				CE744BCC291913DA0010C3E8 /* Resources */,
			);
			buildRules = (
			);
			dependencies = (
				CE744BD0291913DA0010C3E8 /* PBXTargetDependency */,
			);
			name = 8UITests;
			productName = 8UITests;
			productReference = CE744BCE291913DA0010C3E8 /* 8UITests.xctest */;
			productType = "com.apple.product-type.bundle.ui-testing";
		};
/* End PBXNativeTarget section */

/* Begin PBXProject section */
		CE744BA6291913D80010C3E8 /* Project object */ = {
			isa = PBXProject;
			attributes = {
				BuildIndependentTargetsInParallel = 1;
				LastSwiftUpdateCheck = 1410;
				LastUpgradeCheck = 1410;
				TargetAttributes = {
					CE744BAD291913D80010C3E8 = {
						CreatedOnToolsVersion = 14.1;
					};
					CE744BC3291913DA0010C3E8 = {
						CreatedOnToolsVersion = 14.1;
						TestTargetID = CE744BAD291913D80010C3E8;
					};
					CE744BCD291913DA0010C3E8 = {
						CreatedOnToolsVersion = 14.1;
						TestTargetID = CE744BAD291913D80010C3E8;
					};
				};
			};
			buildConfigurationList = CE744BA9291913D80010C3E8 /* Build configuration list for PBXProject "8" */;
			compatibilityVersion = "Xcode 14.0";
			developmentRegion = en;
			hasScannedForEncodings = 0;
			knownRegions = (
				en,
				Base,
			);
			mainGroup = CE744BA5291913D80010C3E8;
			productRefGroup = CE744BAF291913D80010C3E8 /* Products */;
			projectDirPath = "";
			projectRoot = "";
			targets = (
				CE744BAD291913D80010C3E8 /* 8 */,
				CE744BC3291913DA0010C3E8 /* 8Tests */,
				CE744BCD291913DA0010C3E8 /* 8UITests */,
			);
		};
/* End PBXProject section */

/* Begin PBXResourcesBuildPhase section */
		CE744BAC291913D80010C3E8 /* Resources */ = {
			isa = PBXResourcesBuildPhase;
			buildActionMask = 2147483647;
			files = (
				CE744BBE291913DA0010C3E8 /* LaunchScreen.storyboard in Resources */,
				CE744BBB291913DA0010C3E8 /* Assets.xcassets in Resources */,
				CE744BB9291913D80010C3E8 /* Main.storyboard in Resources */,
			);
			runOnlyForDeploymentPostprocessing = 0;
		};
		CE744BC2291913DA0010C3E8 /* Resources */ = {
			isa = PBXResourcesBuildPhase;
			buildActionMask = 2147483647;
			files = (
			);
			runOnlyForDeploymentPostprocessing = 0;
		};
		CE744BCC291913DA0010C3E8 /* Resources */ = {
			isa = PBXResourcesBuildPhase;
			buildActionMask = 2147483647;
			files = (
			);
			runOnlyForDeploymentPostprocessing = 0;
		};
/* End PBXResourcesBuildPhase section */

/* Begin PBXSourcesBuildPhase section */
		CE744BAA291913D80010C3E8 /* Sources */ = {
			isa = PBXSourcesBuildPhase;
			buildActionMask = 2147483647;
			files = (
				CE7D7CDE2919355100A9D266 /* ViewController3.swift in Sources */,
				CE744BB6291913D80010C3E8 /* ViewController.swift in Sources */,
				CEDD1A4629192058000FADBA /* ViewController2.swift in Sources */,
				CE744BB2291913D80010C3E8 /* AppDelegate.swift in Sources */,
				CE744BB4291913D80010C3E8 /* SceneDelegate.swift in Sources */,
			);
			runOnlyForDeploymentPostprocessing = 0;
		};
		CE744BC0291913DA0010C3E8 /* Sources */ = {
			isa = PBXSourcesBuildPhase;
			buildActionMask = 2147483647;
			files = (
				CE744BC9291913DA0010C3E8 /* _Tests.swift in Sources */,
			);
			runOnlyForDeploymentPostprocessing = 0;
		};
		CE744BCA291913DA0010C3E8 /* Sources */ = {
			isa = PBXSourcesBuildPhase;
			buildActionMask = 2147483647;
			files = (
				CE744BD5291913DA0010C3E8 /* _UITestsLaunchTests.swift in Sources */,
				CE744BD3291913DA0010C3E8 /* _UITests.swift in Sources */,
			);
			runOnlyForDeploymentPostprocessing = 0;
		};
/* End PBXSourcesBuildPhase section */

/* Begin PBXTargetDependency section */
		CE744BC6291913DA0010C3E8 /* PBXTargetDependency */ = {
			isa = PBXTargetDependency;
			target = CE744BAD291913D80010C3E8 /* 8 */;
			targetProxy = CE744BC5291913DA0010C3E8 /* PBXContainerItemProxy */;
		};
		CE744BD0291913DA0010C3E8 /* PBXTargetDependency */ = {
			isa = PBXTargetDependency;
			target = CE744BAD291913D80010C3E8 /* 8 */;
			targetProxy = CE744BCF291913DA0010C3E8 /* PBXContainerItemProxy */;
		};
/* End PBXTargetDependency section */

/* Begin PBXVariantGroup section */
		CE744BB7291913D80010C3E8 /* Main.storyboard */ = {
			isa = PBXVariantGroup;
			children = (
				CE744BB8291913D80010C3E8 /* Base */,
			);
			name = Main.storyboard;
			sourceTree = "<group>";
		};
		CE744BBC291913DA0010C3E8 /* LaunchScreen.storyboard */ = {
			isa = PBXVariantGroup;
			children = (
				CE744BBD291913DA0010C3E8 /* Base */,
			);
			name = LaunchScreen.storyboard;
			sourceTree = "<group>";
		};
/* End PBXVariantGroup section */

/* Begin XCBuildConfiguration section */
		CE744BD6291913DA0010C3E8 /* Debug */ = {
			isa = XCBuildConfiguration;
			buildSettings = {
				ALWAYS_SEARCH_USER_PATHS = NO;
				CLANG_ANALYZER_NONNULL = YES;
				CLANG_ANALYZER_NUMBER_OBJECT_CONVERSION = YES_AGGRESSIVE;
				CLANG_CXX_LANGUAGE_STANDARD = "gnu++20";
				CLANG_ENABLE_MODULES = YES;
				CLANG_ENABLE_OBJC_ARC = YES;
				CLANG_ENABLE_OBJC_WEAK = YES;
				CLANG_WARN_BLOCK_CAPTURE_AUTORELEASING = YES;
				CLANG_WARN_BOOL_CONVERSION = YES;
				CLANG_WARN_COMMA = YES;
				CLANG_WARN_CONSTANT_CONVERSION = YES;
				CLANG_WARN_DEPRECATED_OBJC_IMPLEMENTATIONS = YES;
				CLANG_WARN_DIRECT_OBJC_ISA_USAGE = YES_ERROR;
				CLANG_WARN_DOCUMENTATION_COMMENTS = YES;
				CLANG_WARN_EMPTY_BODY = YES;
				CLANG_WARN_ENUM_CONVERSION = YES;
				CLANG_WARN_INFINITE_RECURSION = YES;
				CLANG_WARN_INT_CONVERSION = YES;
				CLANG_WARN_NON_LITERAL_NULL_CONVERSION = YES;
				CLANG_WARN_OBJC_IMPLICIT_RETAIN_SELF = YES;
				CLANG_WARN_OBJC_LITERAL_CONVERSION = YES;
				CLANG_WARN_OBJC_ROOT_CLASS = YES_ERROR;
				CLANG_WARN_QUOTED_INCLUDE_IN_FRAMEWORK_HEADER = YES;
				CLANG_WARN_RANGE_LOOP_ANALYSIS = YES;
				CLANG_WARN_STRICT_PROTOTYPES = YES;
				CLANG_WARN_SUSPICIOUS_MOVE = YES;
				CLANG_WARN_UNGUARDED_AVAILABILITY = YES_AGGRESSIVE;
				CLANG_WARN_UNREACHABLE_CODE = YES;
				CLANG_WARN__DUPLICATE_METHOD_MATCH = YES;
				COPY_PHASE_STRIP = NO;
				DEBUG_INFORMATION_FORMAT = dwarf;
				ENABLE_STRICT_OBJC_MSGSEND = YES;
				ENABLE_TESTABILITY = YES;
				GCC_C_LANGUAGE_STANDARD = gnu11;
				GCC_DYNAMIC_NO_PIC = NO;
				GCC_NO_COMMON_BLOCKS = YES;
				GCC_OPTIMIZATION_LEVEL = 0;
				GCC_PREPROCESSOR_DEFINITIONS = (
					"DEBUG=1",
					"$(inherited)",
				);
				GCC_WARN_64_TO_32_BIT_CONVERSION = YES;
				GCC_WARN_ABOUT_RETURN_TYPE = YES_ERROR;
				GCC_WARN_UNDECLARED_SELECTOR = YES;
				GCC_WARN_UNINITIALIZED_AUTOS = YES_AGGRESSIVE;
				GCC_WARN_UNUSED_FUNCTION = YES;
				GCC_WARN_UNUSED_VARIABLE = YES;
				IPHONEOS_DEPLOYMENT_TARGET = 16.1;
				MTL_ENABLE_DEBUG_INFO = INCLUDE_SOURCE;
				MTL_FAST_MATH = YES;
				ONLY_ACTIVE_ARCH = YES;
				SDKROOT = iphoneos;
				SWIFT_ACTIVE_COMPILATION_CONDITIONS = DEBUG;
				SWIFT_OPTIMIZATION_LEVEL = "-Onone";
			};
			name = Debug;
		};
		CE744BD7291913DA0010C3E8 /* Release */ = {
			isa = XCBuildConfiguration;
			buildSettings = {
				ALWAYS_SEARCH_USER_PATHS = NO;
				CLANG_ANALYZER_NONNULL = YES;
				CLANG_ANALYZER_NUMBER_OBJECT_CONVERSION = YES_AGGRESSIVE;
				CLANG_CXX_LANGUAGE_STANDARD = "gnu++20";
				CLANG_ENABLE_MODULES = YES;
				CLANG_ENABLE_OBJC_ARC = YES;
				CLANG_ENABLE_OBJC_WEAK = YES;
				CLANG_WARN_BLOCK_CAPTURE_AUTORELEASING = YES;
				CLANG_WARN_BOOL_CONVERSION = YES;
				CLANG_WARN_COMMA = YES;
				CLANG_WARN_CONSTANT_CONVERSION = YES;
				CLANG_WARN_DEPRECATED_OBJC_IMPLEMENTATIONS = YES;
				CLANG_WARN_DIRECT_OBJC_ISA_USAGE = YES_ERROR;
				CLANG_WARN_DOCUMENTATION_COMMENTS = YES;
				CLANG_WARN_EMPTY_BODY = YES;
				CLANG_WARN_ENUM_CONVERSION = YES;
				CLANG_WARN_INFINITE_RECURSION = YES;
				CLANG_WARN_INT_CONVERSION = YES;
				CLANG_WARN_NON_LITERAL_NULL_CONVERSION = YES;
				CLANG_WARN_OBJC_IMPLICIT_RETAIN_SELF = YES;
				CLANG_WARN_OBJC_LITERAL_CONVERSION = YES;
				CLANG_WARN_OBJC_ROOT_CLASS = YES_ERROR;
				CLANG_WARN_QUOTED_INCLUDE_IN_FRAMEWORK_HEADER = YES;
				CLANG_WARN_RANGE_LOOP_ANALYSIS = YES;
				CLANG_WARN_STRICT_PROTOTYPES = YES;
				CLANG_WARN_SUSPICIOUS_MOVE = YES;
				CLANG_WARN_UNGUARDED_AVAILABILITY = YES_AGGRESSIVE;
				CLANG_WARN_UNREACHABLE_CODE = YES;
				CLANG_WARN__DUPLICATE_METHOD_MATCH = YES;
				COPY_PHASE_STRIP = NO;
				DEBUG_INFORMATION_FORMAT = "dwarf-with-dsym";
				ENABLE_NS_ASSERTIONS = NO;
				ENABLE_STRICT_OBJC_MSGSEND = YES;
				GCC_C_LANGUAGE_STANDARD = gnu11;
				GCC_NO_COMMON_BLOCKS = YES;
				GCC_WARN_64_TO_32_BIT_CONVERSION = YES;
				GCC_WARN_ABOUT_RETURN_TYPE = YES_ERROR;
				GCC_WARN_UNDECLARED_SELECTOR = YES;
				GCC_WARN_UNINITIALIZED_AUTOS = YES_AGGRESSIVE;
				GCC_WARN_UNUSED_FUNCTION = YES;
				GCC_WARN_UNUSED_VARIABLE = YES;
				IPHONEOS_DEPLOYMENT_TARGET = 16.1;
				MTL_ENABLE_DEBUG_INFO = NO;
				MTL_FAST_MATH = YES;
				SDKROOT = iphoneos;
				SWIFT_COMPILATION_MODE = wholemodule;
				SWIFT_OPTIMIZATION_LEVEL = "-O";
				VALIDATE_PRODUCT = YES;
			};
			name = Release;
		};
		CE744BD9291913DA0010C3E8 /* Debug */ = {
			isa = XCBuildConfiguration;
			buildSettings = {
				ASSETCATALOG_COMPILER_APPICON_NAME = AppIcon;
				ASSETCATALOG_COMPILER_GLOBAL_ACCENT_COLOR_NAME = AccentColor;
				CODE_SIGN_ENTITLEMENTS = 8/8.entitlements;
				CODE_SIGN_STYLE = Automatic;
				CURRENT_PROJECT_VERSION = 1;
				DEVELOPMENT_TEAM = 3SD575YYYY;
				GENERATE_INFOPLIST_FILE = YES;
				INFOPLIST_FILE = 8/Info.plist;
				INFOPLIST_KEY_UIApplicationSupportsIndirectInputEvents = YES;
				INFOPLIST_KEY_UILaunchStoryboardName = "LaunchScreen. storyboard";
				INFOPLIST_KEY_UIMainStoryboardFile = Main;
				INFOPLIST_KEY_UIStatusBarStyle = "";
				INFOPLIST_KEY_UISupportedInterfaceOrientations_iPad = "UIInterfaceOrientationPortrait UIInterfaceOrientationPortraitUpsideDown UIInterfaceOrientationLandscapeLeft UIInterfaceOrientationLandscapeRight";
				INFOPLIST_KEY_UISupportedInterfaceOrientations_iPhone = "UIInterfaceOrientationPortrait UIInterfaceOrientationLandscapeLeft UIInterfaceOrientationLandscapeRight";
				LD_RUNPATH_SEARCH_PATHS = (
					"$(inherited)",
					"@executable_path/Frameworks",
				);
				MARKETING_VERSION = 1.0;
				PRODUCT_BUNDLE_IDENTIFIER = "VineLab.-";
				PRODUCT_NAME = "$(TARGET_NAME)";
				SUPPORTED_PLATFORMS = "iphoneos iphonesimulator";
				SUPPORTS_MACCATALYST = NO;
				SUPPORTS_MAC_DESIGNED_FOR_IPHONE_IPAD = YES;
				SWIFT_EMIT_LOC_STRINGS = YES;
				SWIFT_VERSION = 5.0;
				TARGETED_DEVICE_FAMILY = 1;
			};
			name = Debug;
		};
		CE744BDA291913DA0010C3E8 /* Release */ = {
			isa = XCBuildConfiguration;
			buildSettings = {
				ASSETCATALOG_COMPILER_APPICON_NAME = AppIcon;
				ASSETCATALOG_COMPILER_GLOBAL_ACCENT_COLOR_NAME = AccentColor;
				CODE_SIGN_ENTITLEMENTS = 8/8.entitlements;
				CODE_SIGN_STYLE = Automatic;
				CURRENT_PROJECT_VERSION = 1;
				DEVELOPMENT_TEAM = 3SD575YYYY;
				GENERATE_INFOPLIST_FILE = YES;
				INFOPLIST_FILE = 8/Info.plist;
				INFOPLIST_KEY_UIApplicationSupportsIndirectInputEvents = YES;
				INFOPLIST_KEY_UILaunchStoryboardName = "LaunchScreen. storyboard";
				INFOPLIST_KEY_UIMainStoryboardFile = Main;
				INFOPLIST_KEY_UIStatusBarStyle = "";
				INFOPLIST_KEY_UISupportedInterfaceOrientations_iPad = "UIInterfaceOrientationPortrait UIInterfaceOrientationPortraitUpsideDown UIInterfaceOrientationLandscapeLeft UIInterfaceOrientationLandscapeRight";
				INFOPLIST_KEY_UISupportedInterfaceOrientations_iPhone = "UIInterfaceOrientationPortrait UIInterfaceOrientationLandscapeLeft UIInterfaceOrientationLandscapeRight";
				LD_RUNPATH_SEARCH_PATHS = (
					"$(inherited)",
					"@executable_path/Frameworks",
				);
				MARKETING_VERSION = 1.0;
				PRODUCT_BUNDLE_IDENTIFIER = "VineLab.-";
				PRODUCT_NAME = "$(TARGET_NAME)";
				SUPPORTED_PLATFORMS = "iphoneos iphonesimulator";
				SUPPORTS_MACCATALYST = NO;
				SUPPORTS_MAC_DESIGNED_FOR_IPHONE_IPAD = YES;
				SWIFT_EMIT_LOC_STRINGS = YES;
				SWIFT_VERSION = 5.0;
				TARGETED_DEVICE_FAMILY = 1;
			};
			name = Release;
		};
		CE744BDC291913DA0010C3E8 /* Debug */ = {
			isa = XCBuildConfiguration;
			buildSettings = {
				ALWAYS_EMBED_SWIFT_STANDARD_LIBRARIES = YES;
				BUNDLE_LOADER = "$(TEST_HOST)";
				CODE_SIGN_STYLE = Automatic;
				CURRENT_PROJECT_VERSION = 1;
				DEVELOPMENT_TEAM = 3SD575YYYY;
				GENERATE_INFOPLIST_FILE = YES;
				IPHONEOS_DEPLOYMENT_TARGET = 16.1;
				MARKETING_VERSION = 1.0;
				PRODUCT_BUNDLE_IDENTIFIER = "VineLab.-Tests";
				PRODUCT_NAME = "$(TARGET_NAME)";
				SWIFT_EMIT_LOC_STRINGS = NO;
				SWIFT_VERSION = 5.0;
				TARGETED_DEVICE_FAMILY = "1,2";
				TEST_HOST = "$(BUILT_PRODUCTS_DIR)/8.app/$(BUNDLE_EXECUTABLE_FOLDER_PATH)/8";
			};
			name = Debug;
		};
		CE744BDD291913DA0010C3E8 /* Release */ = {
			isa = XCBuildConfiguration;
			buildSettings = {
				ALWAYS_EMBED_SWIFT_STANDARD_LIBRARIES = YES;
				BUNDLE_LOADER = "$(TEST_HOST)";
				CODE_SIGN_STYLE = Automatic;
				CURRENT_PROJECT_VERSION = 1;
				DEVELOPMENT_TEAM = 3SD575YYYY;
				GENERATE_INFOPLIST_FILE = YES;
				IPHONEOS_DEPLOYMENT_TARGET = 16.1;
				MARKETING_VERSION = 1.0;
				PRODUCT_BUNDLE_IDENTIFIER = "VineLab.-Tests";
				PRODUCT_NAME = "$(TARGET_NAME)";
				SWIFT_EMIT_LOC_STRINGS = NO;
				SWIFT_VERSION = 5.0;
				TARGETED_DEVICE_FAMILY = "1,2";
				TEST_HOST = "$(BUILT_PRODUCTS_DIR)/8.app/$(BUNDLE_EXECUTABLE_FOLDER_PATH)/8";
			};
			name = Release;
		};
		CE744BDF291913DA0010C3E8 /* Debug */ = {
			isa = XCBuildConfiguration;
			buildSettings = {
				ALWAYS_EMBED_SWIFT_STANDARD_LIBRARIES = YES;
				CODE_SIGN_STYLE = Automatic;
				CURRENT_PROJECT_VERSION = 1;
				DEVELOPMENT_TEAM = 3SD575YYYY;
				GENERATE_INFOPLIST_FILE = YES;
				MARKETING_VERSION = 1.0;
				PRODUCT_BUNDLE_IDENTIFIER = "VineLab.-UITests";
				PRODUCT_NAME = "$(TARGET_NAME)";
				SWIFT_EMIT_LOC_STRINGS = NO;
				SWIFT_VERSION = 5.0;
				TARGETED_DEVICE_FAMILY = "1,2";
				TEST_TARGET_NAME = 8;
			};
			name = Debug;
		};
		CE744BE0291913DA0010C3E8 /* Release */ = {
			isa = XCBuildConfiguration;
			buildSettings = {
				ALWAYS_EMBED_SWIFT_STANDARD_LIBRARIES = YES;
				CODE_SIGN_STYLE = Automatic;
				CURRENT_PROJECT_VERSION = 1;
				DEVELOPMENT_TEAM = 3SD575YYYY;
				GENERATE_INFOPLIST_FILE = YES;
				MARKETING_VERSION = 1.0;
				PRODUCT_BUNDLE_IDENTIFIER = "VineLab.-UITests";
				PRODUCT_NAME = "$(TARGET_NAME)";
				SWIFT_EMIT_LOC_STRINGS = NO;
				SWIFT_VERSION = 5.0;
				TARGETED_DEVICE_FAMILY = "1,2";
				TEST_TARGET_NAME = 8;
			};
			name = Release;
		};
/* End XCBuildConfiguration section */

/* Begin XCConfigurationList section */
		CE744BA9291913D80010C3E8 /* Build configuration list for PBXProject "8" */ = {
			isa = XCConfigurationList;
			buildConfigurations = (
				CE744BD6291913DA0010C3E8 /* Debug */,
				CE744BD7291913DA0010C3E8 /* Release */,
			);
			defaultConfigurationIsVisible = 0;
			defaultConfigurationName = Release;
		};
		CE744BD8291913DA0010C3E8 /* Build configuration list for PBXNativeTarget "8" */ = {
			isa = XCConfigurationList;
			buildConfigurations = (
				CE744BD9291913DA0010C3E8 /* Debug */,
				CE744BDA291913DA0010C3E8 /* Release */,
			);
			defaultConfigurationIsVisible = 0;
			defaultConfigurationName = Release;
		};
		CE744BDB291913DA0010C3E8 /* Build configuration list for PBXNativeTarget "8Tests" */ = {
			isa = XCConfigurationList;
			buildConfigurations = (
				CE744BDC291913DA0010C3E8 /* Debug */,
				CE744BDD291913DA0010C3E8 /* Release */,
			);
			defaultConfigurationIsVisible = 0;
			defaultConfigurationName = Release;
		};
		CE744BDE291913DA0010C3E8 /* Build configuration list for PBXNativeTarget "8UITests" */ = {
			isa = XCConfigurationList;
			buildConfigurations = (
				CE744BDF291913DA0010C3E8 /* Debug */,
				CE744BE0291913DA0010C3E8 /* Release */,
			);
			defaultConfigurationIsVisible = 0;
			defaultConfigurationName = Release;
		};
/* End XCConfigurationList section */
	};
	rootObject = CE744BA6291913D80010C3E8 /* Project object */;
}
